github.com/liteserver/liteserver v0.0.0-20220222202915-dfdc0747873b h1:IF4/F1+zRYzagq9jkupTOxtPpYYOOmjmK9r5zVkaqjU=
github.com/liteserver/liteserver v0.0.0-20220222202915-dfdc0747873b/go.mod h1:TyBrbQE7D30CZ7DZFWiEVNFg6bkDN3bnzd3wRkL70VM=
github.com/liteserver/liteserver v0.0.0-20220225012219-a117d4e26c69 h1:U7CD9ajpyP9VJqm7BuuufCYyvb6qC/8hEL+VB17NRx4=
github.com/liteserver/liteserver v0.0.0-20220225012219-a117d4e26c69/go.mod h1:TyBrbQE7D30CZ7DZFWiEVNFg6bkDN3bnzd3wRkL70VM=
github.com/hanwen/go-fuse v1.0.0 h1:GxS9Zrn6c35/BnfiVsZVWmsG803xwE7eVRDvcf/BEVc=
github.com/hanwen/go-fuse v1.0.0/go.mod h1:unqXarDXqzAk0rt98O2tVndEPIpUgLD9+rwFisZH3Ok=
github.com/hanwen/go-fuse/v2 v2.1.0 h1:+32ffteETaLYClUj0a3aHjZ1hOPxxaNEHiZiujuDaek=
github.com/hanwen/go-fuse/v2 v2.1.0/go.mod h1:oRyA5eK+pvJyv5otpO/DgccS8y/RvYMaO00GgRLGryc=
github.com/kylelemons/godebug v0.0.0-20170820004349-d65d576e9348 h1:MtvEpTB6LX3vkb4ax0b5D2DHbNAUsen0Gx5wZoq3lV4=
github.com/kylelemons/godebug v0.0.0-20170820004349-d65d576e9348/go.mod h1:B69LEHPfb2qLo0BaaOLcbitczOKLWTsrBG9LczfCD4k=
github.com/mattn/go-sqlite3 v1.14.11 h1:gt+cp9c0XGqe9S/wAHTL3n/7MqY+siPWgWJgqdsFrzQ=
github.com/mattn/go-sqlite3 v1.14.11/go.mod h1:NyWgC/yNuGj7Q9rpYnZvas74GogHl5/Z4A/KQRfk6bU=
golang.org/x/net v0.0.0-20220127200216-cd36cc0744dd h1:O7DYs+zxREGLKzKoMQrtrEacpb0ZVXA5rIwylE2Xchk=
golang.org/x/net v0.0.0-20220127200216-cd36cc0744dd/go.mod h1:CfG3xpIq0wQ8r1q4Su4UZFWDARRcnwPjda9FqA0JpMk=
golang.org/x/sync v0.0.0-20201207232520-09787c993a3a/go.mod h1:RxMgew5VJxzue5/jJTE5uejpjVlOe/izrB70Jof72aM=
golang.org/x/sys v0.0.0-20180830151530-49385e6e1522 h1:Ve1ORMCxvRmSXBwJK+t3Oy+V2vRW2OetUQBq4rJIkZE=
golang.org/x/sys v0.0.0-20180830151530-49385e6e1522/go.mod h1:STP8DvDyc/dI5b8T5hshtkjS+E42TnysNCUPdjciGhY=
golang.org/x/sys v0.0.0-20211216021012-1d35b9e2eb4e/go.mod h1:oPkhp1MJrh7nUepCBck5+mAzfO9JrbApNNgaTdGDITg=
golang.org/x/sys v0.0.0-20220222200937-f2425489ef4c h1:sSIdNI2Dd6vGv47bKc/xArpfxVmEz2+3j0E6I484xC4=
golang.org/x/sys v0.0.0-20220222200937-f2425489ef4c/go.mod h1:oPkhp1MJrh7nUepCBck5+mAzfO9JrbApNNgaTdGDITg=
golang.org/x/text v0.3.7 h1:olpwvP2KacW1ZWvsR7uQhoyTYvKAupfQrRGBFM352Gk=
golang.org/x/text v0.3.7/go.mod h1:u+2+/6zg+i71rQMx5EYifcz6MCKuco9NR6JIITiCfzQ=
